%{"erlport": {:hex, :erlport, "0.9.8", "b7dc57eb87f215a671926bfbcd23e6e9c76f8653b0d072627b41431ef51c4d20", [:rebar3], []},
  "flow": {:hex, :flow, "0.12.0", "32c5a5f3ff6693e004b6c17a8c64dce2f8cdaf9564912d79427176013a586ab6", [:mix], [{:gen_stage, "~> 0.12.0", [hex: :gen_stage, optional: false]}]},
  "gen_stage": {:hex, :gen_stage, "0.12.0", "74ec6f84ea0e0e81aa26b745870495094de1c59bfdbd012ae3103208ea124623", [:mix], []}}
